
Microsoft Visual Studio Solution File, Format Version 12.00
# Visual Studio Version 16
VisualStudioVersion = 16.0.31112.23
MinimumVisualStudioVersion = 10.0.40219.1
Project("{9A19103F-16F7-4668-BE54-9A1E7A4F7556}") = "DataAccess", "DataAccess\DataAccess.csproj", "{3E2D484F-9194-412B-86E3-A17168E14037}"
EndProject
Project("{9A19103F-16F7-4668-BE54-9A1E7A4F7556}") = "Business", "Business\Business.csproj", "{A1382583-C581-4700-9E79-F5E4431535F1}"
EndProject
Project("{9A19103F-16F7-4668-BE54-9A1E7A4F7556}") = "Entities", "Entities\Entities.csproj", "{778521EA-29B7-4E4C-89D3-A1BDB65016DC}"
EndProject
Project("{9A19103F-16F7-4668-BE54-9A1E7A4F7556}") = "ConsoleUI", "ConsoleUI\ConsoleUI.csproj", "{021AC051-B52D-4674-9740-3CB9ED70F8DC}"
EndProject
Project("{FAE04EC0-301F-11D3-BF4B-00C04F79EFBC}") = "Core", "Core\Core.csproj", "{A3F2FE63-4C21-4A85-B351-F04BC7BF12C5}"
EndProject
Global
	GlobalSection(SolutionConfigurationPlatforms) = preSolution
		Debug|Any CPU = Debug|Any CPU
		Release|Any CPU = Release|Any CPU
	EndGlobalSection
	GlobalSection(ProjectConfigurationPlatforms) = postSolution
		{3E2D484F-9194-412B-86E3-A17168E14037}.Debug|Any CPU.ActiveCfg = Debug|Any CPU
		{3E2D484F-9194-412B-86E3-A17168E14037}.Debug|Any CPU.Build.0 = Debug|Any CPU
		{3E2D484F-9194-412B-86E3-A17168E14037}.Release|Any CPU.ActiveCfg = Release|Any CPU
		{3E2D484F-9194-412B-86E3-A17168E14037}.Release|Any CPU.Build.0 = Release|Any CPU
		{A1382583-C581-4700-9E79-F5E4431535F1}.Debug|Any CPU.ActiveCfg = Debug|Any CPU
		{A1382583-C581-4700-9E79-F5E4431535F1}.Debug|Any CPU.Build.0 = Debug|Any CPU
		{A1382583-C581-4700-9E79-F5E4431535F1}.Release|Any CPU.ActiveCfg = Release|Any CPU
		{A1382583-C581-4700-9E79-F5E4431535F1}.Release|Any CPU.Build.0 = Release|Any CPU
		{778521EA-29B7-4E4C-89D3-A1BDB65016DC}.Debug|Any CPU.ActiveCfg = Debug|Any CPU
		{778521EA-29B7-4E4C-89D3-A1BDB65016DC}.Debug|Any CPU.Build.0 = Debug|Any CPU
		{778521EA-29B7-4E4C-89D3-A1BDB65016DC}.Release|Any CPU.ActiveCfg = Release|Any CPU
		{778521EA-29B7-4E4C-89D3-A1BDB65016DC}.Release|Any CPU.Build.0 = Release|Any CPU
		{021AC051-B52D-4674-9740-3CB9ED70F8DC}.Debug|Any CPU.ActiveCfg = Debug|Any CPU
		{021AC051-B52D-4674-9740-3CB9ED70F8DC}.Debug|Any CPU.Build.0 = Debug|Any CPU
		{021AC051-B52D-4674-9740-3CB9ED70F8DC}.Release|Any CPU.ActiveCfg = Release|Any CPU
		{021AC051-B52D-4674-9740-3CB9ED70F8DC}.Release|Any CPU.Build.0 = Release|Any CPU
		{A3F2FE63-4C21-4A85-B351-F04BC7BF12C5}.Debug|Any CPU.ActiveCfg = Debug|Any CPU
		{A3F2FE63-4C21-4A85-B351-F04BC7BF12C5}.Debug|Any CPU.Build.0 = Debug|Any CPU
		{A3F2FE63-4C21-4A85-B351-F04BC7BF12C5}.Release|Any CPU.ActiveCfg = Release|Any CPU
		{A3F2FE63-4C21-4A85-B351-F04BC7BF12C5}.Release|Any CPU.Build.0 = Release|Any CPU
	EndGlobalSection
	GlobalSection(SolutionProperties) = preSolution
		HideSolutionNode = FALSE
	EndGlobalSection
	GlobalSection(ExtensibilityGlobals) = postSolution
		SolutionGuid = {B5C2F067-B12E-4F45-8A57-23717EDEF621}
	EndGlobalSection
EndGlobal
